
Microsoft Visual Studio Solution File, Format Version 12.00
# Visual Studio Version 17
VisualStudioVersion = 17.8.34316.72
MinimumVisualStudioVersion = 10.0.40219.1
Project("{2150E333-8FDC-42A3-9474-1A3956D46DE8}") = "src", "src", "{CC310E8F-F669-4B7C-9E2D-F95EA40AF5CF}"
EndProject
Project("{2150E333-8FDC-42A3-9474-1A3956D46DE8}") = "tests", "tests", "{C460914A-94FB-46B8-BAC9-70B09F88D121}"
EndProject
Project("{2150E333-8FDC-42A3-9474-1A3956D46DE8}") = "Core", "Core", "{3EC0E778-ECAF-48E6-B760-862FDC1EB857}"
EndProject
Project("{2150E333-8FDC-42A3-9474-1A3956D46DE8}") = "Adpter", "Adpter", "{E38F247D-9C06-4A3A-83E5-E977784AEC6B}"
EndProject
Project("{2150E333-8FDC-42A3-9474-1A3956D46DE8}") = "Driver", "Driver", "{2D1D9A5B-8245-48FC-87C4-81FDC520DEBA}"
EndProject
Project("{2150E333-8FDC-42A3-9474-1A3956D46DE8}") = "Driven", "Driven", "{28CDA60B-5287-4692-A891-C01D4B635AD3}"
EndProject
Project("{9A19103F-16F7-4668-BE54-9A1E7A4F7556}") = "Api", "Api\Api.csproj", "{C5416B3C-A7CB-466B-9D85-27F74A16D2C5}"
EndProject
Project("{9A19103F-16F7-4668-BE54-9A1E7A4F7556}") = "Domain", "Domain\Domain.csproj", "{00630BE6-0075-46D0-803B-96B012420318}"
EndProject
Project("{9A19103F-16F7-4668-BE54-9A1E7A4F7556}") = "Domain.Tests", "Domain.Tests\Domain.Tests.csproj", "{546CC664-CF8B-40D1-B616-62AEE4A2B780}"
EndProject
Project("{9A19103F-16F7-4668-BE54-9A1E7A4F7556}") = "Infrastructure", "Infrastructure\Infrastructure.csproj", "{033D7A6F-2FA1-41C4-B8AF-2B782F6D3B94}"
EndProject
Project("{E53339B2-1760-4266-BCC7-CA923CBCF16C}") = "docker-compose", "docker-compose.dcproj", "{BCD7B5CC-5546-4E70-9F06-0F0D3137E158}"
EndProject
Project("{2150E333-8FDC-42A3-9474-1A3956D46DE8}") = "init", "init", "{BBDFD648-7472-41B0-8F84-209495427DBE}"
	ProjectSection(SolutionItems) = preProject
		mongo-init.js = mongo-init.js
	EndProjectSection
EndProject
Global
	GlobalSection(SolutionConfigurationPlatforms) = preSolution
		Debug|Any CPU = Debug|Any CPU
		Release|Any CPU = Release|Any CPU
	EndGlobalSection
	GlobalSection(ProjectConfigurationPlatforms) = postSolution
		{C5416B3C-A7CB-466B-9D85-27F74A16D2C5}.Debug|Any CPU.ActiveCfg = Debug|Any CPU
		{C5416B3C-A7CB-466B-9D85-27F74A16D2C5}.Debug|Any CPU.Build.0 = Debug|Any CPU
		{C5416B3C-A7CB-466B-9D85-27F74A16D2C5}.Release|Any CPU.ActiveCfg = Release|Any CPU
		{C5416B3C-A7CB-466B-9D85-27F74A16D2C5}.Release|Any CPU.Build.0 = Release|Any CPU
		{00630BE6-0075-46D0-803B-96B012420318}.Debug|Any CPU.ActiveCfg = Debug|Any CPU
		{00630BE6-0075-46D0-803B-96B012420318}.Debug|Any CPU.Build.0 = Debug|Any CPU
		{00630BE6-0075-46D0-803B-96B012420318}.Release|Any CPU.ActiveCfg = Release|Any CPU
		{00630BE6-0075-46D0-803B-96B012420318}.Release|Any CPU.Build.0 = Release|Any CPU
		{546CC664-CF8B-40D1-B616-62AEE4A2B780}.Debug|Any CPU.ActiveCfg = Debug|Any CPU
		{546CC664-CF8B-40D1-B616-62AEE4A2B780}.Debug|Any CPU.Build.0 = Debug|Any CPU
		{546CC664-CF8B-40D1-B616-62AEE4A2B780}.Release|Any CPU.ActiveCfg = Release|Any CPU
		{546CC664-CF8B-40D1-B616-62AEE4A2B780}.Release|Any CPU.Build.0 = Release|Any CPU
		{033D7A6F-2FA1-41C4-B8AF-2B782F6D3B94}.Debug|Any CPU.ActiveCfg = Debug|Any CPU
		{033D7A6F-2FA1-41C4-B8AF-2B782F6D3B94}.Debug|Any CPU.Build.0 = Debug|Any CPU
		{033D7A6F-2FA1-41C4-B8AF-2B782F6D3B94}.Release|Any CPU.ActiveCfg = Release|Any CPU
		{033D7A6F-2FA1-41C4-B8AF-2B782F6D3B94}.Release|Any CPU.Build.0 = Release|Any CPU
		{BCD7B5CC-5546-4E70-9F06-0F0D3137E158}.Debug|Any CPU.ActiveCfg = Debug|Any CPU
		{BCD7B5CC-5546-4E70-9F06-0F0D3137E158}.Debug|Any CPU.Build.0 = Debug|Any CPU
		{BCD7B5CC-5546-4E70-9F06-0F0D3137E158}.Release|Any CPU.ActiveCfg = Release|Any CPU
		{BCD7B5CC-5546-4E70-9F06-0F0D3137E158}.Release|Any CPU.Build.0 = Release|Any CPU
	EndGlobalSection
	GlobalSection(SolutionProperties) = preSolution
		HideSolutionNode = FALSE
	EndGlobalSection
	GlobalSection(NestedProjects) = preSolution
		{3EC0E778-ECAF-48E6-B760-862FDC1EB857} = {CC310E8F-F669-4B7C-9E2D-F95EA40AF5CF}
		{E38F247D-9C06-4A3A-83E5-E977784AEC6B} = {CC310E8F-F669-4B7C-9E2D-F95EA40AF5CF}
		{2D1D9A5B-8245-48FC-87C4-81FDC520DEBA} = {E38F247D-9C06-4A3A-83E5-E977784AEC6B}
		{28CDA60B-5287-4692-A891-C01D4B635AD3} = {E38F247D-9C06-4A3A-83E5-E977784AEC6B}
		{C5416B3C-A7CB-466B-9D85-27F74A16D2C5} = {2D1D9A5B-8245-48FC-87C4-81FDC520DEBA}
		{00630BE6-0075-46D0-803B-96B012420318} = {3EC0E778-ECAF-48E6-B760-862FDC1EB857}
		{546CC664-CF8B-40D1-B616-62AEE4A2B780} = {C460914A-94FB-46B8-BAC9-70B09F88D121}
		{033D7A6F-2FA1-41C4-B8AF-2B782F6D3B94} = {28CDA60B-5287-4692-A891-C01D4B635AD3}
	EndGlobalSection
	GlobalSection(ExtensibilityGlobals) = postSolution
		SolutionGuid = {388977AE-6CE1-42A3-95B2-B0F5399C7DE9}
	EndGlobalSection
EndGlobal
